
Microsoft Visual Studio Solution File, Format Version 12.00
# Visual Studio Version 17
VisualStudioVersion = 17.6.33815.320
MinimumVisualStudioVersion = 10.0.40219.1
Project("{FAE04EC0-301F-11D3-BF4B-00C04F79EFBC}") = "KikeletPanzio", "KikeletPanzio\KikeletPanzio.csproj", "{96067628-E104-4B27-9E1E-A89596C2503A}"
EndProject
Global
	GlobalSection(SolutionConfigurationPlatforms) = preSolution
		Debug|Any CPU = Debug|Any CPU
		Release|Any CPU = Release|Any CPU
	EndGlobalSection
	GlobalSection(ProjectConfigurationPlatforms) = postSolution
		{96067628-E104-4B27-9E1E-A89596C2503A}.Debug|Any CPU.ActiveCfg = Debug|Any CPU
		{96067628-E104-4B27-9E1E-A89596C2503A}.Debug|Any CPU.Build.0 = Debug|Any CPU
		{96067628-E104-4B27-9E1E-A89596C2503A}.Release|Any CPU.ActiveCfg = Release|Any CPU
		{96067628-E104-4B27-9E1E-A89596C2503A}.Release|Any CPU.Build.0 = Release|Any CPU
	EndGlobalSection
	GlobalSection(SolutionProperties) = preSolution
		HideSolutionNode = FALSE
	EndGlobalSection
	GlobalSection(ExtensibilityGlobals) = postSolution
		SolutionGuid = {FA7713B4-9AAF-406F-9F74-19027675CACF}
	EndGlobalSection
EndGlobal
